
Microsoft Visual Studio Solution File, Format Version 12.00
# Visual Studio 14
VisualStudioVersion = 14.0.24720.0
MinimumVisualStudioVersion = 10.0.40219.1
Project("{FAE04EC0-301F-11D3-BF4B-00C04F79EFBC}") = "Caculator101", "Caculator101\Caculator101.csproj", "{980F14A5-C422-4D59-841B-A4712B6F0CB3}"
EndProject
Global
	GlobalSection(SolutionConfigurationPlatforms) = preSolution
		Debug|Any CPU = Debug|Any CPU
		Release|Any CPU = Release|Any CPU
	EndGlobalSection
	GlobalSection(ProjectConfigurationPlatforms) = postSolution
		{980F14A5-C422-4D59-841B-A4712B6F0CB3}.Debug|Any CPU.ActiveCfg = Debug|Any CPU
		{980F14A5-C422-4D59-841B-A4712B6F0CB3}.Debug|Any CPU.Build.0 = Debug|Any CPU
		{980F14A5-C422-4D59-841B-A4712B6F0CB3}.Release|Any CPU.ActiveCfg = Release|Any CPU
		{980F14A5-C422-4D59-841B-A4712B6F0CB3}.Release|Any CPU.Build.0 = Release|Any CPU
	EndGlobalSection
	GlobalSection(SolutionProperties) = preSolution
		HideSolutionNode = FALSE
	EndGlobalSection
EndGlobal
